
Microsoft Visual Studio Solution File, Format Version 12.00
Project("{FAE04EC0-301F-11D3-BF4B-00C04F79EFBC}") = "UI.Plan.Web", "UI.Plan.Web\UI.Plan.Web.csproj", "{34B44FFB-50F5-4E0B-A972-83176BE3BB2C}"
EndProject
Global
	GlobalSection(SolutionConfigurationPlatforms) = preSolution
		Debug|Any CPU = Debug|Any CPU
		Release|Any CPU = Release|Any CPU
	EndGlobalSection
	GlobalSection(ProjectConfigurationPlatforms) = postSolution
		{34B44FFB-50F5-4E0B-A972-83176BE3BB2C}.Debug|Any CPU.ActiveCfg = Debug|Any CPU
		{34B44FFB-50F5-4E0B-A972-83176BE3BB2C}.Debug|Any CPU.Build.0 = Debug|Any CPU
		{34B44FFB-50F5-4E0B-A972-83176BE3BB2C}.Release|Any CPU.ActiveCfg = Release|Any CPU
		{34B44FFB-50F5-4E0B-A972-83176BE3BB2C}.Release|Any CPU.Build.0 = Release|Any CPU
	EndGlobalSection
EndGlobal
